
Microsoft Visual Studio Solution File, Format Version 12.00
# Visual Studio Version 16
VisualStudioVersion = 16.0.36324.18
MinimumVisualStudioVersion = 10.0.40219.1
Project("{FAE04EC0-301F-11D3-BF4B-00C04F79EFBC}") = "MemoryStressTest", "MemoryStressTestTool\MemoryStressTest.csproj", "{9B6517A2-F861-4AAD-988C-6D653A667349}"
EndProject
Global
	GlobalSection(SolutionConfigurationPlatforms) = preSolution
		Debug|Any CPU = Debug|Any CPU
		Debug|x64 = Debug|x64
		Release|Any CPU = Release|Any CPU
		Release|x64 = Release|x64
	EndGlobalSection
	GlobalSection(ProjectConfigurationPlatforms) = postSolution
		{9B6517A2-F861-4AAD-988C-6D653A667349}.Debug|Any CPU.ActiveCfg = Debug|Any CPU
		{9B6517A2-F861-4AAD-988C-6D653A667349}.Debug|Any CPU.Build.0 = Debug|Any CPU
		{9B6517A2-F861-4AAD-988C-6D653A667349}.Debug|x64.ActiveCfg = Debug|x64
		{9B6517A2-F861-4AAD-988C-6D653A667349}.Debug|x64.Build.0 = Debug|x64
		{9B6517A2-F861-4AAD-988C-6D653A667349}.Release|Any CPU.ActiveCfg = Release|Any CPU
		{9B6517A2-F861-4AAD-988C-6D653A667349}.Release|Any CPU.Build.0 = Release|Any CPU
		{9B6517A2-F861-4AAD-988C-6D653A667349}.Release|x64.ActiveCfg = Release|x64
		{9B6517A2-F861-4AAD-988C-6D653A667349}.Release|x64.Build.0 = Release|x64
	EndGlobalSection
	GlobalSection(SolutionProperties) = preSolution
		HideSolutionNode = FALSE
	EndGlobalSection
	GlobalSection(ExtensibilityGlobals) = postSolution
		SolutionGuid = {B28A79E9-45D8-44E2-9D54-440DB30AE87D}
	EndGlobalSection
EndGlobal
